// !$*UTF8*$!
{
	archiveVersion = 1;
	classes = {
	};
	objectVersion = 50;
	objects = {

/* Begin PBXBuildFile section */
		39DCA3FF232A638000D9D6BA /* AppDelegate.swift in Sources */ = {isa = PBXBuildFile; fileRef = 39DCA3FE232A638000D9D6BA /* AppDelegate.swift */; };
		39DCA401232A638000D9D6BA /* ViewController.swift in Sources */ = {isa = PBXBuildFile; fileRef = 39DCA400232A638000D9D6BA /* ViewController.swift */; };
		39DCA404232A638000D9D6BA /* Main.storyboard in Resources */ = {isa = PBXBuildFile; fileRef = 39DCA402232A638000D9D6BA /* Main.storyboard */; };
		39DCA407232A638000D9D6BA /* test.xcdatamodeld in Sources */ = {isa = PBXBuildFile; fileRef = 39DCA405232A638000D9D6BA /* test.xcdatamodeld */; };
		39DCA409232A638300D9D6BA /* Assets.xcassets in Resources */ = {isa = PBXBuildFile; fileRef = 39DCA408232A638300D9D6BA /* Assets.xcassets */; };
		39DCA40C232A638300D9D6BA /* LaunchScreen.storyboard in Resources */ = {isa = PBXBuildFile; fileRef = 39DCA40A232A638300D9D6BA /* LaunchScreen.storyboard */; };
		39DCA417232A638300D9D6BA /* testTests.swift in Sources */ = {isa = PBXBuildFile; fileRef = 39DCA416232A638300D9D6BA /* testTests.swift */; };
		39DCA422232A638300D9D6BA /* testUITests.swift in Sources */ = {isa = PBXBuildFile; fileRef = 39DCA421232A638300D9D6BA /* testUITests.swift */; };
/* End PBXBuildFile section */

/* Begin PBXContainerItemProxy section */
		39DCA413232A638300D9D6BA /* PBXContainerItemProxy */ = {
			isa = PBXContainerItemProxy;
			containerPortal = 39DCA3F3232A638000D9D6BA /* Project object */;
			proxyType = 1;
			remoteGlobalIDString = 39DCA3FA232A638000D9D6BA;
			remoteInfo = test;
		};
		39DCA41E232A638300D9D6BA /* PBXContainerItemProxy */ = {
			isa = PBXContainerItemProxy;
			containerPortal = 39DCA3F3232A638000D9D6BA /* Project object */;
			proxyType = 1;
			remoteGlobalIDString = 39DCA3FA232A638000D9D6BA;
			remoteInfo = test;
		};
/* End PBXContainerItemProxy section */

/* Begin PBXFileReference section */
		39DCA3FB232A638000D9D6BA /* test.app */ = {isa = PBXFileReference; explicitFileType = wrapper.application; includeInIndex = 0; path = test.app; sourceTree = BUILT_PRODUCTS_DIR; };
		39DCA3FE232A638000D9D6BA /* AppDelegate.swift */ = {isa = PBXFileReference; lastKnownFileType = sourcecode.swift; path = AppDelegate.swift; sourceTree = "<group>"; };
		39DCA400232A638000D9D6BA /* ViewController.swift */ = {isa = PBXFileReference; lastKnownFileType = sourcecode.swift; path = ViewController.swift; sourceTree = "<group>"; };
		39DCA403232A638000D9D6BA /* Base */ = {isa = PBXFileReference; lastKnownFileType = file.storyboard; name = Base; path = Base.lproj/Main.storyboard; sourceTree = "<group>"; };
		39DCA406232A638000D9D6BA /* test.xcdatamodel */ = {isa = PBXFileReference; lastKnownFileType = wrapper.xcdatamodel; path = test.xcdatamodel; sourceTree = "<group>"; };
		39DCA408232A638300D9D6BA /* Assets.xcassets */ = {isa = PBXFileReference; lastKnownFileType = folder.assetcatalog; path = Assets.xcassets; sourceTree = "<group>"; };
		39DCA40B232A638300D9D6BA /* Base */ = {isa = PBXFileReference; lastKnownFileType = file.storyboard; name = Base; path = Base.lproj/LaunchScreen.storyboard; sourceTree = "<group>"; };
		39DCA40D232A638300D9D6BA /* Info.plist */ = {isa = PBXFileReference; lastKnownFileType = text.plist.xml; path = Info.plist; sourceTree = "<group>"; };
		39DCA412232A638300D9D6BA /* testTests.xctest */ = {isa = PBXFileReference; explicitFileType = wrapper.cfbundle; includeInIndex = 0; path = testTests.xctest; sourceTree = BUILT_PRODUCTS_DIR; };
		39DCA416232A638300D9D6BA /* testTests.swift */ = {isa = PBXFileReference; lastKnownFileType = sourcecode.swift; path = testTests.swift; sourceTree = "<group>"; };
		39DCA418232A638300D9D6BA /* Info.plist */ = {isa = PBXFileReference; lastKnownFileType = text.plist.xml; path = Info.plist; sourceTree = "<group>"; };
		39DCA41D232A638300D9D6BA /* testUITests.xctest */ = {isa = PBXFileReference; explicitFileType = wrapper.cfbundle; includeInIndex = 0; path = testUITests.xctest; sourceTree = BUILT_PRODUCTS_DIR; };
		39DCA421232A638300D9D6BA /* testUITests.swift */ = {isa = PBXFileReference; lastKnownFileType = sourcecode.swift; path = testUITests.swift; sourceTree = "<group>"; };
		39DCA423232A638300D9D6BA /* Info.plist */ = {isa = PBXFileReference; lastKnownFileType = text.plist.xml; path = Info.plist; sourceTree = "<group>"; };
/* End PBXFileReference section */

/* Begin PBXFrameworksBuildPhase section */
		39DCA3F8232A638000D9D6BA /* Frameworks */ = {
			isa = PBXFrameworksBuildPhase;
			buildActionMask = 2147483647;
			files = (
			);
			runOnlyForDeploymentPostprocessing = 0;
		};
		39DCA40F232A638300D9D6BA /* Frameworks */ = {
			isa = PBXFrameworksBuildPhase;
			buildActionMask = 2147483647;
			files = (
			);
			runOnlyForDeploymentPostprocessing = 0;
		};
		39DCA41A232A638300D9D6BA /* Frameworks */ = {
			isa = PBXFrameworksBuildPhase;
			buildActionMask = 2147483647;
			files = (
			);
			runOnlyForDeploymentPostprocessing = 0;
		};
/* End PBXFrameworksBuildPhase section */

/* Begin PBXGroup section */
		39DCA3F2232A638000D9D6BA = {
			isa = PBXGroup;
			children = (
				39DCA3FD232A638000D9D6BA /* test */,
				39DCA415232A638300D9D6BA /* testTests */,
				39DCA420232A638300D9D6BA /* testUITests */,
				39DCA3FC232A638000D9D6BA /* Products */,
			);
			sourceTree = "<group>";
		};
		39DCA3FC232A638000D9D6BA /* Products */ = {
			isa = PBXGroup;
			children = (
				39DCA3FB232A638000D9D6BA /* test.app */,
				39DCA412232A638300D9D6BA /* testTests.xctest */,
				39DCA41D232A638300D9D6BA /* testUITests.xctest */,
			);
			name = Products;
			sourceTree = "<group>";
		};
		39DCA3FD232A638000D9D6BA /* test */ = {
			isa = PBXGroup;
			children = (
				39DCA3FE232A638000D9D6BA /* AppDelegate.swift */,
				39DCA400232A638000D9D6BA /* ViewController.swift */,
				39DCA402232A638000D9D6BA /* Main.storyboard */,
				39DCA408232A638300D9D6BA /* Assets.xcassets */,
				39DCA40A232A638300D9D6BA /* LaunchScreen.storyboard */,
				39DCA40D232A638300D9D6BA /* Info.plist */,
				39DCA405232A638000D9D6BA /* test.xcdatamodeld */,
			);
			path = test;
			sourceTree = "<group>";
		};
		39DCA415232A638300D9D6BA /* testTests */ = {
			isa = PBXGroup;
			children = (
				39DCA416232A638300D9D6BA /* testTests.swift */,
				39DCA418232A638300D9D6BA /* Info.plist */,
			);
			path = testTests;
			sourceTree = "<group>";
		};
		39DCA420232A638300D9D6BA /* testUITests */ = {
			isa = PBXGroup;
			children = (
				39DCA421232A638300D9D6BA /* testUITests.swift */,
				39DCA423232A638300D9D6BA /* Info.plist */,
			);
			path = testUITests;
			sourceTree = "<group>";
		};
/* End PBXGroup section */

/* Begin PBXNativeTarget section */
		39DCA3FA232A638000D9D6BA /* test */ = {
			isa = PBXNativeTarget;
			buildConfigurationList = 39DCA426232A638300D9D6BA /* Build configuration list for PBXNativeTarget "test" */;
			buildPhases = (
				39DCA3F7232A638000D9D6BA /* Sources */,
				39DCA3F8232A638000D9D6BA /* Frameworks */,
				39DCA3F9232A638000D9D6BA /* Resources */,
			);
			buildRules = (
			);
			dependencies = (
			);
			name = test;
			productName = test;
			productReference = 39DCA3FB232A638000D9D6BA /* test.app */;
			productType = "com.apple.product-type.application";
		};
		39DCA411232A638300D9D6BA /* testTests */ = {
			isa = PBXNativeTarget;
			buildConfigurationList = 39DCA429232A638300D9D6BA /* Build configuration list for PBXNativeTarget "testTests" */;
			buildPhases = (
				39DCA40E232A638300D9D6BA /* Sources */,
				39DCA40F232A638300D9D6BA /* Frameworks */,
				39DCA410232A638300D9D6BA /* Resources */,
			);
			buildRules = (
			);
			dependencies = (
				39DCA414232A638300D9D6BA /* PBXTargetDependency */,
			);
			name = testTests;
			productName = testTests;
			productReference = 39DCA412232A638300D9D6BA /* testTests.xctest */;
			productType = "com.apple.product-type.bundle.unit-test";
		};
		39DCA41C232A638300D9D6BA /* testUITests */ = {
			isa = PBXNativeTarget;
			buildConfigurationList = 39DCA42C232A638300D9D6BA /* Build configuration list for PBXNativeTarget "testUITests" */;
			buildPhases = (
				39DCA419232A638300D9D6BA /* Sources */,
				39DCA41A232A638300D9D6BA /* Frameworks */,
				39DCA41B232A638300D9D6BA /* Resources */,
			);
			buildRules = (
			);
			dependencies = (
				39DCA41F232A638300D9D6BA /* PBXTargetDependency */,
			);
			name = testUITests;
			productName = testUITests;
			productReference = 39DCA41D232A638300D9D6BA /* testUITests.xctest */;
			productType = "com.apple.product-type.bundle.ui-testing";
		};
/* End PBXNativeTarget section */

/* Begin PBXProject section */
		39DCA3F3232A638000D9D6BA /* Project object */ = {
			isa = PBXProject;
			attributes = {
				LastSwiftUpdateCheck = 1030;
				LastUpgradeCheck = 1030;
				ORGANIZATIONNAME = task;
				TargetAttributes = {
					39DCA3FA232A638000D9D6BA = {
						CreatedOnToolsVersion = 10.3;
					};
					39DCA411232A638300D9D6BA = {
						CreatedOnToolsVersion = 10.3;
						TestTargetID = 39DCA3FA232A638000D9D6BA;
					};
					39DCA41C232A638300D9D6BA = {
						CreatedOnToolsVersion = 10.3;
						TestTargetID = 39DCA3FA232A638000D9D6BA;
					};
				};
			};
			buildConfigurationList = 39DCA3F6232A638000D9D6BA /* Build configuration list for PBXProject "test" */;
			compatibilityVersion = "Xcode 9.3";
			developmentRegion = en;
			hasScannedForEncodings = 0;
			knownRegions = (
				en,
				Base,
			);
			mainGroup = 39DCA3F2232A638000D9D6BA;
			productRefGroup = 39DCA3FC232A638000D9D6BA /* Products */;
			projectDirPath = "";
			projectRoot = "";
			targets = (
				39DCA3FA232A638000D9D6BA /* test */,
				39DCA411232A638300D9D6BA /* testTests */,
				39DCA41C232A638300D9D6BA /* testUITests */,
			);
		};
/* End PBXProject section */

/* Begin PBXResourcesBuildPhase section */
		39DCA3F9232A638000D9D6BA /* Resources */ = {
			isa = PBXResourcesBuildPhase;
			buildActionMask = 2147483647;
			files = (
				39DCA40C232A638300D9D6BA /* LaunchScreen.storyboard in Resources */,
				39DCA409232A638300D9D6BA /* Assets.xcassets in Resources */,
				39DCA404232A638000D9D6BA /* Main.storyboard in Resources */,
			);
			runOnlyForDeploymentPostprocessing = 0;
		};
		39DCA410232A638300D9D6BA /* Resources */ = {
			isa = PBXResourcesBuildPhase;
			buildActionMask = 2147483647;
			files = (
			);
			runOnlyForDeploymentPostprocessing = 0;
		};
		39DCA41B232A638300D9D6BA /* Resources */ = {
			isa = PBXResourcesBuildPhase;
			buildActionMask = 2147483647;
			files = (
			);
			runOnlyForDeploymentPostprocessing = 0;
		};
/* End PBXResourcesBuildPhase section */

/* Begin PBXSourcesBuildPhase section */
		39DCA3F7232A638000D9D6BA /* Sources */ = {
			isa = PBXSourcesBuildPhase;
			buildActionMask = 2147483647;
			files = (
				39DCA401232A638000D9D6BA /* ViewController.swift in Sources */,
				39DCA3FF232A638000D9D6BA /* AppDelegate.swift in Sources */,
				39DCA407232A638000D9D6BA /* test.xcdatamodeld in Sources */,
			);
			runOnlyForDeploymentPostprocessing = 0;
		};
		39DCA40E232A638300D9D6BA /* Sources */ = {
			isa = PBXSourcesBuildPhase;
			buildActionMask = 2147483647;
			files = (
				39DCA417232A638300D9D6BA /* testTests.swift in Sources */,
			);
			runOnlyForDeploymentPostprocessing = 0;
		};
		39DCA419232A638300D9D6BA /* Sources */ = {
			isa = PBXSourcesBuildPhase;
			buildActionMask = 2147483647;
			files = (
				39DCA422232A638300D9D6BA /* testUITests.swift in Sources */,
			);
			runOnlyForDeploymentPostprocessing = 0;
		};
/* End PBXSourcesBuildPhase section */

/* Begin PBXTargetDependency section */
		39DCA414232A638300D9D6BA /* PBXTargetDependency */ = {
			isa = PBXTargetDependency;
			target = 39DCA3FA232A638000D9D6BA /* test */;
			targetProxy = 39DCA413232A638300D9D6BA /* PBXContainerItemProxy */;
		};
		39DCA41F232A638300D9D6BA /* PBXTargetDependency */ = {
			isa = PBXTargetDependency;
			target = 39DCA3FA232A638000D9D6BA /* test */;
			targetProxy = 39DCA41E232A638300D9D6BA /* PBXContainerItemProxy */;
		};
/* End PBXTargetDependency section */

/* Begin PBXVariantGroup section */
		39DCA402232A638000D9D6BA /* Main.storyboard */ = {
			isa = PBXVariantGroup;
			children = (
				39DCA403232A638000D9D6BA /* Base */,
			);
			name = Main.storyboard;
			sourceTree = "<group>";
		};
		39DCA40A232A638300D9D6BA /* LaunchScreen.storyboard */ = {
			isa = PBXVariantGroup;
			children = (
				39DCA40B232A638300D9D6BA /* Base */,
			);
			name = LaunchScreen.storyboard;
			sourceTree = "<group>";
		};
/* End PBXVariantGroup section */

/* Begin XCBuildConfiguration section */
		39DCA424232A638300D9D6BA /* Debug */ = {
			isa = XCBuildConfiguration;
			buildSettings = {
				ALWAYS_SEARCH_USER_PATHS = NO;
				CLANG_ANALYZER_NONNULL = YES;
				CLANG_ANALYZER_NUMBER_OBJECT_CONVERSION = YES_AGGRESSIVE;
				CLANG_CXX_LANGUAGE_STANDARD = "gnu++14";
				CLANG_CXX_LIBRARY = "libc++";
				CLANG_ENABLE_MODULES = YES;
				CLANG_ENABLE_OBJC_ARC = YES;
				CLANG_ENABLE_OBJC_WEAK = YES;
				CLANG_WARN_BLOCK_CAPTURE_AUTORELEASING = YES;
				CLANG_WARN_BOOL_CONVERSION = YES;
				CLANG_WARN_COMMA = YES;
				CLANG_WARN_CONSTANT_CONVERSION = YES;
				CLANG_WARN_DEPRECATED_OBJC_IMPLEMENTATIONS = YES;
				CLANG_WARN_DIRECT_OBJC_ISA_USAGE = YES_ERROR;
				CLANG_WARN_DOCUMENTATION_COMMENTS = YES;
				CLANG_WARN_EMPTY_BODY = YES;
				CLANG_WARN_ENUM_CONVERSION = YES;
				CLANG_WARN_INFINITE_RECURSION = YES;
				CLANG_WARN_INT_CONVERSION = YES;
				CLANG_WARN_NON_LITERAL_NULL_CONVERSION = YES;
				CLANG_WARN_OBJC_IMPLICIT_RETAIN_SELF = YES;
				CLANG_WARN_OBJC_LITERAL_CONVERSION = YES;
				CLANG_WARN_OBJC_ROOT_CLASS = YES_ERROR;
				CLANG_WARN_RANGE_LOOP_ANALYSIS = YES;
				CLANG_WARN_STRICT_PROTOTYPES = YES;
				CLANG_WARN_SUSPICIOUS_MOVE = YES;
				CLANG_WARN_UNGUARDED_AVAILABILITY = YES_AGGRESSIVE;
				CLANG_WARN_UNREACHABLE_CODE = YES;
				CLANG_WARN__DUPLICATE_METHOD_MATCH = YES;
				CODE_SIGN_IDENTITY = "iPhone Developer";
				COPY_PHASE_STRIP = NO;
				DEBUG_INFORMATION_FORMAT = dwarf;
				ENABLE_STRICT_OBJC_MSGSEND = YES;
				ENABLE_TESTABILITY = YES;
				GCC_C_LANGUAGE_STANDARD = gnu11;
				GCC_DYNAMIC_NO_PIC = NO;
				GCC_NO_COMMON_BLOCKS = YES;
				GCC_OPTIMIZATION_LEVEL = 0;
				GCC_PREPROCESSOR_DEFINITIONS = (
					"DEBUG=1",
					"$(inherited)",
				);
				GCC_WARN_64_TO_32_BIT_CONVERSION = YES;
				GCC_WARN_ABOUT_RETURN_TYPE = YES_ERROR;
				GCC_WARN_UNDECLARED_SELECTOR = YES;
				GCC_WARN_UNINITIALIZED_AUTOS = YES_AGGRESSIVE;
				GCC_WARN_UNUSED_FUNCTION = YES;
				GCC_WARN_UNUSED_VARIABLE = YES;
				IPHONEOS_DEPLOYMENT_TARGET = 12.4;
				MTL_ENABLE_DEBUG_INFO = INCLUDE_SOURCE;
				MTL_FAST_MATH = YES;
				ONLY_ACTIVE_ARCH = YES;
				SDKROOT = iphoneos;
				SWIFT_ACTIVE_COMPILATION_CONDITIONS = DEBUG;
				SWIFT_OPTIMIZATION_LEVEL = "-Onone";
			};
			name = Debug;
		};
		39DCA425232A638300D9D6BA /* Release */ = {
			isa = XCBuildConfiguration;
			buildSettings = {
				ALWAYS_SEARCH_USER_PATHS = NO;
				CLANG_ANALYZER_NONNULL = YES;
				CLANG_ANALYZER_NUMBER_OBJECT_CONVERSION = YES_AGGRESSIVE;
				CLANG_CXX_LANGUAGE_STANDARD = "gnu++14";
				CLANG_CXX_LIBRARY = "libc++";
				CLANG_ENABLE_MODULES = YES;
				CLANG_ENABLE_OBJC_ARC = YES;
				CLANG_ENABLE_OBJC_WEAK = YES;
				CLANG_WARN_BLOCK_CAPTURE_AUTORELEASING = YES;
				CLANG_WARN_BOOL_CONVERSION = YES;
				CLANG_WARN_COMMA = YES;
				CLANG_WARN_CONSTANT_CONVERSION = YES;
				CLANG_WARN_DEPRECATED_OBJC_IMPLEMENTATIONS = YES;
				CLANG_WARN_DIRECT_OBJC_ISA_USAGE = YES_ERROR;
				CLANG_WARN_DOCUMENTATION_COMMENTS = YES;
				CLANG_WARN_EMPTY_BODY = YES;
				CLANG_WARN_ENUM_CONVERSION = YES;
				CLANG_WARN_INFINITE_RECURSION = YES;
				CLANG_WARN_INT_CONVERSION = YES;
				CLANG_WARN_NON_LITERAL_NULL_CONVERSION = YES;
				CLANG_WARN_OBJC_IMPLICIT_RETAIN_SELF = YES;
				CLANG_WARN_OBJC_LITERAL_CONVERSION = YES;
				CLANG_WARN_OBJC_ROOT_CLASS = YES_ERROR;
				CLANG_WARN_RANGE_LOOP_ANALYSIS = YES;
				CLANG_WARN_STRICT_PROTOTYPES = YES;
				CLANG_WARN_SUSPICIOUS_MOVE = YES;
				CLANG_WARN_UNGUARDED_AVAILABILITY = YES_AGGRESSIVE;
				CLANG_WARN_UNREACHABLE_CODE = YES;
				CLANG_WARN__DUPLICATE_METHOD_MATCH = YES;
				CODE_SIGN_IDENTITY = "iPhone Developer";
				COPY_PHASE_STRIP = NO;
				DEBUG_INFORMATION_FORMAT = "dwarf-with-dsym";
				ENABLE_NS_ASSERTIONS = NO;
				ENABLE_STRICT_OBJC_MSGSEND = YES;
				GCC_C_LANGUAGE_STANDARD = gnu11;
				GCC_NO_COMMON_BLOCKS = YES;
				GCC_WARN_64_TO_32_BIT_CONVERSION = YES;
				GCC_WARN_ABOUT_RETURN_TYPE = YES_ERROR;
				GCC_WARN_UNDECLARED_SELECTOR = YES;
				GCC_WARN_UNINITIALIZED_AUTOS = YES_AGGRESSIVE;
				GCC_WARN_UNUSED_FUNCTION = YES;
				GCC_WARN_UNUSED_VARIABLE = YES;
				IPHONEOS_DEPLOYMENT_TARGET = 12.4;
				MTL_ENABLE_DEBUG_INFO = NO;
				MTL_FAST_MATH = YES;
				SDKROOT = iphoneos;
				SWIFT_COMPILATION_MODE = wholemodule;
				SWIFT_OPTIMIZATION_LEVEL = "-O";
				VALIDATE_PRODUCT = YES;
			};
			name = Release;
		};
		39DCA427232A638300D9D6BA /* Debug */ = {
			isa = XCBuildConfiguration;
			buildSettings = {
				ASSETCATALOG_COMPILER_APPICON_NAME = AppIcon;
				CODE_SIGN_STYLE = Automatic;
				INFOPLIST_FILE = test/Info.plist;
				LD_RUNPATH_SEARCH_PATHS = (
					"$(inherited)",
					"@executable_path/Frameworks",
				);
				PRODUCT_BUNDLE_IDENTIFIER = com.task.test;
				PRODUCT_NAME = "$(TARGET_NAME)";
				SWIFT_VERSION = 5.0;
				TARGETED_DEVICE_FAMILY = "1,2";
			};
			name = Debug;
		};
		39DCA428232A638300D9D6BA /* Release */ = {
			isa = XCBuildConfiguration;
			buildSettings = {
				ASSETCATALOG_COMPILER_APPICON_NAME = AppIcon;
				CODE_SIGN_STYLE = Automatic;
				INFOPLIST_FILE = test/Info.plist;
				LD_RUNPATH_SEARCH_PATHS = (
					"$(inherited)",
					"@executable_path/Frameworks",
				);
				PRODUCT_BUNDLE_IDENTIFIER = com.task.test;
				PRODUCT_NAME = "$(TARGET_NAME)";
				SWIFT_VERSION = 5.0;
				TARGETED_DEVICE_FAMILY = "1,2";
			};
			name = Release;
		};
		39DCA42A232A638300D9D6BA /* Debug */ = {
			isa = XCBuildConfiguration;
			buildSettings = {
				ALWAYS_EMBED_SWIFT_STANDARD_LIBRARIES = YES;
				BUNDLE_LOADER = "$(TEST_HOST)";
				CODE_SIGN_STYLE = Automatic;
				INFOPLIST_FILE = testTests/Info.plist;
				LD_RUNPATH_SEARCH_PATHS = (
					"$(inherited)",
					"@executable_path/Frameworks",
					"@loader_path/Frameworks",
				);
				PRODUCT_BUNDLE_IDENTIFIER = com.task.testTests;
				PRODUCT_NAME = "$(TARGET_NAME)";
				SWIFT_VERSION = 5.0;
				TARGETED_DEVICE_FAMILY = "1,2";
				TEST_HOST = "$(BUILT_PRODUCTS_DIR)/test.app/test";
			};
			name = Debug;
		};
		39DCA42B232A638300D9D6BA /* Release */ = {
			isa = XCBuildConfiguration;
			buildSettings = {
				ALWAYS_EMBED_SWIFT_STANDARD_LIBRARIES = YES;
				BUNDLE_LOADER = "$(TEST_HOST)";
				CODE_SIGN_STYLE = Automatic;
				INFOPLIST_FILE = testTests/Info.plist;
				LD_RUNPATH_SEARCH_PATHS = (
					"$(inherited)",
					"@executable_path/Frameworks",
					"@loader_path/Frameworks",
				);
				PRODUCT_BUNDLE_IDENTIFIER = com.task.testTests;
				PRODUCT_NAME = "$(TARGET_NAME)";
				SWIFT_VERSION = 5.0;
				TARGETED_DEVICE_FAMILY = "1,2";
				TEST_HOST = "$(BUILT_PRODUCTS_DIR)/test.app/test";
			};
			name = Release;
		};
		39DCA42D232A638300D9D6BA /* Debug */ = {
			isa = XCBuildConfiguration;
			buildSettings = {
				ALWAYS_EMBED_SWIFT_STANDARD_LIBRARIES = YES;
				CODE_SIGN_STYLE = Automatic;
				INFOPLIST_FILE = testUITests/Info.plist;
				LD_RUNPATH_SEARCH_PATHS = (
					"$(inherited)",
					"@executable_path/Frameworks",
					"@loader_path/Frameworks",
				);
				PRODUCT_BUNDLE_IDENTIFIER = com.task.testUITests;
				PRODUCT_NAME = "$(TARGET_NAME)";
				SWIFT_VERSION = 5.0;
				TARGETED_DEVICE_FAMILY = "1,2";
				TEST_TARGET_NAME = test;
			};
			name = Debug;
		};
		39DCA42E232A638300D9D6BA /* Release */ = {
			isa = XCBuildConfiguration;
			buildSettings = {
				ALWAYS_EMBED_SWIFT_STANDARD_LIBRARIES = YES;
				CODE_SIGN_STYLE = Automatic;
				INFOPLIST_FILE = testUITests/Info.plist;
				LD_RUNPATH_SEARCH_PATHS = (
					"$(inherited)",
					"@executable_path/Frameworks",
					"@loader_path/Frameworks",
				);
				PRODUCT_BUNDLE_IDENTIFIER = com.task.testUITests;
				PRODUCT_NAME = "$(TARGET_NAME)";
				SWIFT_VERSION = 5.0;
				TARGETED_DEVICE_FAMILY = "1,2";
				TEST_TARGET_NAME = test;
			};
			name = Release;
		};
/* End XCBuildConfiguration section */

/* Begin XCConfigurationList section */
		39DCA3F6232A638000D9D6BA /* Build configuration list for PBXProject "test" */ = {
			isa = XCConfigurationList;
			buildConfigurations = (
				39DCA424232A638300D9D6BA /* Debug */,
				39DCA425232A638300D9D6BA /* Release */,
			);
			defaultConfigurationIsVisible = 0;
			defaultConfigurationName = Release;
		};
		39DCA426232A638300D9D6BA /* Build configuration list for PBXNativeTarget "test" */ = {
			isa = XCConfigurationList;
			buildConfigurations = (
				39DCA427232A638300D9D6BA /* Debug */,
				39DCA428232A638300D9D6BA /* Release */,
			);
			defaultConfigurationIsVisible = 0;
			defaultConfigurationName = Release;
		};
		39DCA429232A638300D9D6BA /* Build configuration list for PBXNativeTarget "testTests" */ = {
			isa = XCConfigurationList;
			buildConfigurations = (
				39DCA42A232A638300D9D6BA /* Debug */,
				39DCA42B232A638300D9D6BA /* Release */,
			);
			defaultConfigurationIsVisible = 0;
			defaultConfigurationName = Release;
		};
		39DCA42C232A638300D9D6BA /* Build configuration list for PBXNativeTarget "testUITests" */ = {
			isa = XCConfigurationList;
			buildConfigurations = (
				39DCA42D232A638300D9D6BA /* Debug */,
				39DCA42E232A638300D9D6BA /* Release */,
			);
			defaultConfigurationIsVisible = 0;
			defaultConfigurationName = Release;
		};
/* End XCConfigurationList section */

/* Begin XCVersionGroup section */
		39DCA405232A638000D9D6BA /* test.xcdatamodeld */ = {
			isa = XCVersionGroup;
			children = (
				39DCA406232A638000D9D6BA /* test.xcdatamodel */,
			);
			currentVersion = 39DCA406232A638000D9D6BA /* test.xcdatamodel */;
			path = test.xcdatamodeld;
			sourceTree = "<group>";
			versionGroupType = wrapper.xcdatamodel;
		};
/* End XCVersionGroup section */
	};
	rootObject = 39DCA3F3232A638000D9D6BA /* Project object */;
}
